
Microsoft Visual Studio Solution File, Format Version 12.00
# Visual Studio 2012
Project("{FAE04EC0-301F-11D3-BF4B-00C04F79EFBC}") = "Core", "Core\Core.csproj", "{9FEA3EBE-E414-4263-AAC4-452A32B2A75C}"
EndProject
Project("{FAE04EC0-301F-11D3-BF4B-00C04F79EFBC}") = "Image.MagicScaler", "Image.MagicScaler\Image.MagicScaler.csproj", "{C554F3C1-AE3E-4D17-B15D-CBF9385492E7}"
	ProjectSection(ProjectDependencies) = postProject
		{9FEA3EBE-E414-4263-AAC4-452A32B2A75C} = {9FEA3EBE-E414-4263-AAC4-452A32B2A75C}
	EndProjectSection
EndProject
Project("{FAE04EC0-301F-11D3-BF4B-00C04F79EFBC}") = "Web.WebView2", "Web.WebView2\Web.WebView2.csproj", "{84935BA3-E5A6-4045-8D19-15A616D6D54E}"
	ProjectSection(ProjectDependencies) = postProject
		{9FEA3EBE-E414-4263-AAC4-452A32B2A75C} = {9FEA3EBE-E414-4263-AAC4-452A32B2A75C}
	EndProjectSection
EndProject
Project("{FAE04EC0-301F-11D3-BF4B-00C04F79EFBC}") = "Cohab", "Cohab\Cohab.csproj", "{E22AEE97-C45A-4D09-AFED-EDD1608981CA}"
	ProjectSection(ProjectDependencies) = postProject
		{9FEA3EBE-E414-4263-AAC4-452A32B2A75C} = {9FEA3EBE-E414-4263-AAC4-452A32B2A75C}
		{E44598BE-0969-4825-A9A1-A0B766A87547} = {E44598BE-0969-4825-A9A1-A0B766A87547}
	EndProjectSection
EndProject
Project("{FAE04EC0-301F-11D3-BF4B-00C04F79EFBC}") = "Data.SQLite", "Data.SQLite\Data.SQLite.csproj", "{AB7F42A1-EC8D-4DBB-8675-F83D4EE830A5}"
	ProjectSection(ProjectDependencies) = postProject
		{9FEA3EBE-E414-4263-AAC4-452A32B2A75C} = {9FEA3EBE-E414-4263-AAC4-452A32B2A75C}
	EndProjectSection
EndProject
Project("{FAE04EC0-301F-11D3-BF4B-00C04F79EFBC}") = "File.Json", "File.Json\File.Json.csproj", "{E44598BE-0969-4825-A9A1-A0B766A87547}"
	ProjectSection(ProjectDependencies) = postProject
		{9FEA3EBE-E414-4263-AAC4-452A32B2A75C} = {9FEA3EBE-E414-4263-AAC4-452A32B2A75C}
	EndProjectSection
EndProject
Project("{FAE04EC0-301F-11D3-BF4B-00C04F79EFBC}") = "File.CrystalReport", "File.CrystalReport\File.CrystalReport.csproj", "{C9F5DAB0-987B-4722-BA3F-C05301D46280}"
	ProjectSection(ProjectDependencies) = postProject
		{9FEA3EBE-E414-4263-AAC4-452A32B2A75C} = {9FEA3EBE-E414-4263-AAC4-452A32B2A75C}
	EndProjectSection
EndProject
Project("{FAE04EC0-301F-11D3-BF4B-00C04F79EFBC}") = "File.Excel", "File.Excel\File.Excel.csproj", "{D5B1A6AC-D1F5-4BCA-8F1C-497694168397}"
	ProjectSection(ProjectDependencies) = postProject
		{9FEA3EBE-E414-4263-AAC4-452A32B2A75C} = {9FEA3EBE-E414-4263-AAC4-452A32B2A75C}
	EndProjectSection
EndProject
Global
	GlobalSection(SolutionConfigurationPlatforms) = preSolution
		Debug|Any CPU = Debug|Any CPU
		Release|Any CPU = Release|Any CPU
	EndGlobalSection
	GlobalSection(ProjectConfigurationPlatforms) = postSolution
		{9FEA3EBE-E414-4263-AAC4-452A32B2A75C}.Debug|Any CPU.ActiveCfg = Debug|Any CPU
		{9FEA3EBE-E414-4263-AAC4-452A32B2A75C}.Debug|Any CPU.Build.0 = Debug|Any CPU
		{9FEA3EBE-E414-4263-AAC4-452A32B2A75C}.Release|Any CPU.ActiveCfg = Release|Any CPU
		{9FEA3EBE-E414-4263-AAC4-452A32B2A75C}.Release|Any CPU.Build.0 = Release|Any CPU
		{C554F3C1-AE3E-4D17-B15D-CBF9385492E7}.Debug|Any CPU.ActiveCfg = Debug|Any CPU
		{C554F3C1-AE3E-4D17-B15D-CBF9385492E7}.Debug|Any CPU.Build.0 = Debug|Any CPU
		{C554F3C1-AE3E-4D17-B15D-CBF9385492E7}.Release|Any CPU.ActiveCfg = Release|Any CPU
		{C554F3C1-AE3E-4D17-B15D-CBF9385492E7}.Release|Any CPU.Build.0 = Release|Any CPU
		{84935BA3-E5A6-4045-8D19-15A616D6D54E}.Debug|Any CPU.ActiveCfg = Debug|Any CPU
		{84935BA3-E5A6-4045-8D19-15A616D6D54E}.Debug|Any CPU.Build.0 = Debug|Any CPU
		{84935BA3-E5A6-4045-8D19-15A616D6D54E}.Release|Any CPU.ActiveCfg = Release|Any CPU
		{84935BA3-E5A6-4045-8D19-15A616D6D54E}.Release|Any CPU.Build.0 = Release|Any CPU
		{E22AEE97-C45A-4D09-AFED-EDD1608981CA}.Debug|Any CPU.ActiveCfg = Debug|Any CPU
		{E22AEE97-C45A-4D09-AFED-EDD1608981CA}.Debug|Any CPU.Build.0 = Debug|Any CPU
		{E22AEE97-C45A-4D09-AFED-EDD1608981CA}.Release|Any CPU.ActiveCfg = Release|Any CPU
		{E22AEE97-C45A-4D09-AFED-EDD1608981CA}.Release|Any CPU.Build.0 = Release|Any CPU
		{AB7F42A1-EC8D-4DBB-8675-F83D4EE830A5}.Debug|Any CPU.ActiveCfg = Debug|Any CPU
		{AB7F42A1-EC8D-4DBB-8675-F83D4EE830A5}.Debug|Any CPU.Build.0 = Debug|Any CPU
		{AB7F42A1-EC8D-4DBB-8675-F83D4EE830A5}.Release|Any CPU.ActiveCfg = Release|Any CPU
		{AB7F42A1-EC8D-4DBB-8675-F83D4EE830A5}.Release|Any CPU.Build.0 = Release|Any CPU
		{E44598BE-0969-4825-A9A1-A0B766A87547}.Debug|Any CPU.ActiveCfg = Debug|Any CPU
		{E44598BE-0969-4825-A9A1-A0B766A87547}.Debug|Any CPU.Build.0 = Debug|Any CPU
		{E44598BE-0969-4825-A9A1-A0B766A87547}.Release|Any CPU.ActiveCfg = Release|Any CPU
		{E44598BE-0969-4825-A9A1-A0B766A87547}.Release|Any CPU.Build.0 = Release|Any CPU
		{C9F5DAB0-987B-4722-BA3F-C05301D46280}.Debug|Any CPU.ActiveCfg = Debug|Any CPU
		{C9F5DAB0-987B-4722-BA3F-C05301D46280}.Debug|Any CPU.Build.0 = Debug|Any CPU
		{C9F5DAB0-987B-4722-BA3F-C05301D46280}.Release|Any CPU.ActiveCfg = Release|Any CPU
		{C9F5DAB0-987B-4722-BA3F-C05301D46280}.Release|Any CPU.Build.0 = Release|Any CPU
		{D5B1A6AC-D1F5-4BCA-8F1C-497694168397}.Debug|Any CPU.ActiveCfg = Debug|Any CPU
		{D5B1A6AC-D1F5-4BCA-8F1C-497694168397}.Debug|Any CPU.Build.0 = Debug|Any CPU
		{D5B1A6AC-D1F5-4BCA-8F1C-497694168397}.Release|Any CPU.ActiveCfg = Release|Any CPU
		{D5B1A6AC-D1F5-4BCA-8F1C-497694168397}.Release|Any CPU.Build.0 = Release|Any CPU
	EndGlobalSection
	GlobalSection(SolutionProperties) = preSolution
		HideSolutionNode = FALSE
	EndGlobalSection
EndGlobal
